
Microsoft Visual Studio Solution File, Format Version 12.00
# Visual Studio Version 17
VisualStudioVersion = 17.0.32126.317
MinimumVisualStudioVersion = 10.0.40219.1
Project("{FAE04EC0-301F-11D3-BF4B-00C04F79EFBC}") = "kina", "kina\kina.csproj", "{B73D622A-8B58-458D-842A-6CD85DFF3A3D}"
EndProject
Global
	GlobalSection(SolutionConfigurationPlatforms) = preSolution
		Debug|Any CPU = Debug|Any CPU
		Release|Any CPU = Release|Any CPU
	EndGlobalSection
	GlobalSection(ProjectConfigurationPlatforms) = postSolution
		{B73D622A-8B58-458D-842A-6CD85DFF3A3D}.Debug|Any CPU.ActiveCfg = Debug|Any CPU
		{B73D622A-8B58-458D-842A-6CD85DFF3A3D}.Debug|Any CPU.Build.0 = Debug|Any CPU
		{B73D622A-8B58-458D-842A-6CD85DFF3A3D}.Release|Any CPU.ActiveCfg = Release|Any CPU
		{B73D622A-8B58-458D-842A-6CD85DFF3A3D}.Release|Any CPU.Build.0 = Release|Any CPU
	EndGlobalSection
	GlobalSection(SolutionProperties) = preSolution
		HideSolutionNode = FALSE
	EndGlobalSection
	GlobalSection(ExtensibilityGlobals) = postSolution
		SolutionGuid = {9C9499C2-6E96-43F8-9A33-73DEB67CB12A}
	EndGlobalSection
EndGlobal
